// !$*UTF8*$!
{
	archiveVersion = 1;
	classes = {
	};
	objectVersion = 48;
	objects = {

/* Begin PBXBuildFile section */
		40DC0770233CBDAC00743087 /* AppDelegate.swift in Sources */ = {isa = PBXBuildFile; fileRef = 40DC076F233CBDAC00743087 /* AppDelegate.swift */; };
		40DC0772233CBDAC00743087 /* ViewController.swift in Sources */ = {isa = PBXBuildFile; fileRef = 40DC0771233CBDAC00743087 /* ViewController.swift */; };
		40DC0775233CBDAC00743087 /* Main.storyboard in Resources */ = {isa = PBXBuildFile; fileRef = 40DC0773233CBDAC00743087 /* Main.storyboard */; };
		40DC0777233CBDAC00743087 /* Assets.xcassets in Resources */ = {isa = PBXBuildFile; fileRef = 40DC0776233CBDAC00743087 /* Assets.xcassets */; };
		40DC077A233CBDAC00743087 /* LaunchScreen.storyboard in Resources */ = {isa = PBXBuildFile; fileRef = 40DC0778233CBDAC00743087 /* LaunchScreen.storyboard */; };
		40DC0785233CBDAD00743087 /* iRunTests.swift in Sources */ = {isa = PBXBuildFile; fileRef = 40DC0784233CBDAD00743087 /* iRunTests.swift */; };
		40DC0790233CBDAD00743087 /* iRunUITests.swift in Sources */ = {isa = PBXBuildFile; fileRef = 40DC078F233CBDAD00743087 /* iRunUITests.swift */; };
/* End PBXBuildFile section */

/* Begin PBXContainerItemProxy section */
		40DC0781233CBDAD00743087 /* PBXContainerItemProxy */ = {
			isa = PBXContainerItemProxy;
			containerPortal = 40DC0764233CBDAC00743087 /* Project object */;
			proxyType = 1;
			remoteGlobalIDString = 40DC076B233CBDAC00743087;
			remoteInfo = iRun;
		};
		40DC078C233CBDAD00743087 /* PBXContainerItemProxy */ = {
			isa = PBXContainerItemProxy;
			containerPortal = 40DC0764233CBDAC00743087 /* Project object */;
			proxyType = 1;
			remoteGlobalIDString = 40DC076B233CBDAC00743087;
			remoteInfo = iRun;
		};
/* End PBXContainerItemProxy section */

/* Begin PBXFileReference section */
		40DC076C233CBDAC00743087 /* iRun.app */ = {isa = PBXFileReference; explicitFileType = wrapper.application; includeInIndex = 0; path = iRun.app; sourceTree = BUILT_PRODUCTS_DIR; };
		40DC076F233CBDAC00743087 /* AppDelegate.swift */ = {isa = PBXFileReference; lastKnownFileType = sourcecode.swift; path = AppDelegate.swift; sourceTree = "<group>"; };
		40DC0771233CBDAC00743087 /* ViewController.swift */ = {isa = PBXFileReference; lastKnownFileType = sourcecode.swift; path = ViewController.swift; sourceTree = "<group>"; };
		40DC0774233CBDAC00743087 /* Base */ = {isa = PBXFileReference; lastKnownFileType = file.storyboard; name = Base; path = Base.lproj/Main.storyboard; sourceTree = "<group>"; };
		40DC0776233CBDAC00743087 /* Assets.xcassets */ = {isa = PBXFileReference; lastKnownFileType = folder.assetcatalog; path = Assets.xcassets; sourceTree = "<group>"; };
		40DC0779233CBDAC00743087 /* Base */ = {isa = PBXFileReference; lastKnownFileType = file.storyboard; name = Base; path = Base.lproj/LaunchScreen.storyboard; sourceTree = "<group>"; };
		40DC077B233CBDAC00743087 /* Info.plist */ = {isa = PBXFileReference; lastKnownFileType = text.plist.xml; path = Info.plist; sourceTree = "<group>"; };
		40DC0780233CBDAD00743087 /* iRunTests.xctest */ = {isa = PBXFileReference; explicitFileType = wrapper.cfbundle; includeInIndex = 0; path = iRunTests.xctest; sourceTree = BUILT_PRODUCTS_DIR; };
		40DC0784233CBDAD00743087 /* iRunTests.swift */ = {isa = PBXFileReference; lastKnownFileType = sourcecode.swift; path = iRunTests.swift; sourceTree = "<group>"; };
		40DC0786233CBDAD00743087 /* Info.plist */ = {isa = PBXFileReference; lastKnownFileType = text.plist.xml; path = Info.plist; sourceTree = "<group>"; };
		40DC078B233CBDAD00743087 /* iRunUITests.xctest */ = {isa = PBXFileReference; explicitFileType = wrapper.cfbundle; includeInIndex = 0; path = iRunUITests.xctest; sourceTree = BUILT_PRODUCTS_DIR; };
		40DC078F233CBDAD00743087 /* iRunUITests.swift */ = {isa = PBXFileReference; lastKnownFileType = sourcecode.swift; path = iRunUITests.swift; sourceTree = "<group>"; };
		40DC0791233CBDAD00743087 /* Info.plist */ = {isa = PBXFileReference; lastKnownFileType = text.plist.xml; path = Info.plist; sourceTree = "<group>"; };
/* End PBXFileReference section */

/* Begin PBXFrameworksBuildPhase section */
		40DC0769233CBDAC00743087 /* Frameworks */ = {
			isa = PBXFrameworksBuildPhase;
			buildActionMask = 2147483647;
			files = (
			);
			runOnlyForDeploymentPostprocessing = 0;
		};
		40DC077D233CBDAD00743087 /* Frameworks */ = {
			isa = PBXFrameworksBuildPhase;
			buildActionMask = 2147483647;
			files = (
			);
			runOnlyForDeploymentPostprocessing = 0;
		};
		40DC0788233CBDAD00743087 /* Frameworks */ = {
			isa = PBXFrameworksBuildPhase;
			buildActionMask = 2147483647;
			files = (
			);
			runOnlyForDeploymentPostprocessing = 0;
		};
/* End PBXFrameworksBuildPhase section */

/* Begin PBXGroup section */
		40DC0763233CBDAC00743087 = {
			isa = PBXGroup;
			children = (
				40DC076E233CBDAC00743087 /* iRun */,
				40DC0783233CBDAD00743087 /* iRunTests */,
				40DC078E233CBDAD00743087 /* iRunUITests */,
				40DC076D233CBDAC00743087 /* Products */,
			);
			sourceTree = "<group>";
		};
		40DC076D233CBDAC00743087 /* Products */ = {
			isa = PBXGroup;
			children = (
				40DC076C233CBDAC00743087 /* iRun.app */,
				40DC0780233CBDAD00743087 /* iRunTests.xctest */,
				40DC078B233CBDAD00743087 /* iRunUITests.xctest */,
			);
			name = Products;
			sourceTree = "<group>";
		};
		40DC076E233CBDAC00743087 /* iRun */ = {
			isa = PBXGroup;
			children = (
				40DC076F233CBDAC00743087 /* AppDelegate.swift */,
				40DC0771233CBDAC00743087 /* ViewController.swift */,
				40DC0773233CBDAC00743087 /* Main.storyboard */,
				40DC0776233CBDAC00743087 /* Assets.xcassets */,
				40DC0778233CBDAC00743087 /* LaunchScreen.storyboard */,
				40DC077B233CBDAC00743087 /* Info.plist */,
			);
			path = iRun;
			sourceTree = "<group>";
		};
		40DC0783233CBDAD00743087 /* iRunTests */ = {
			isa = PBXGroup;
			children = (
				40DC0784233CBDAD00743087 /* iRunTests.swift */,
				40DC0786233CBDAD00743087 /* Info.plist */,
			);
			path = iRunTests;
			sourceTree = "<group>";
		};
		40DC078E233CBDAD00743087 /* iRunUITests */ = {
			isa = PBXGroup;
			children = (
				40DC078F233CBDAD00743087 /* iRunUITests.swift */,
				40DC0791233CBDAD00743087 /* Info.plist */,
			);
			path = iRunUITests;
			sourceTree = "<group>";
		};
/* End PBXGroup section */

/* Begin PBXNativeTarget section */
		40DC076B233CBDAC00743087 /* iRun */ = {
			isa = PBXNativeTarget;
			buildConfigurationList = 40DC0794233CBDAD00743087 /* Build configuration list for PBXNativeTarget "iRun" */;
			buildPhases = (
				40DC0768233CBDAC00743087 /* Sources */,
				40DC0769233CBDAC00743087 /* Frameworks */,
				40DC076A233CBDAC00743087 /* Resources */,
			);
			buildRules = (
			);
			dependencies = (
			);
			name = iRun;
			productName = iRun;
			productReference = 40DC076C233CBDAC00743087 /* iRun.app */;
			productType = "com.apple.product-type.application";
		};
		40DC077F233CBDAD00743087 /* iRunTests */ = {
			isa = PBXNativeTarget;
			buildConfigurationList = 40DC0797233CBDAD00743087 /* Build configuration list for PBXNativeTarget "iRunTests" */;
			buildPhases = (
				40DC077C233CBDAD00743087 /* Sources */,
				40DC077D233CBDAD00743087 /* Frameworks */,
				40DC077E233CBDAD00743087 /* Resources */,
			);
			buildRules = (
			);
			dependencies = (
				40DC0782233CBDAD00743087 /* PBXTargetDependency */,
			);
			name = iRunTests;
			productName = iRunTests;
			productReference = 40DC0780233CBDAD00743087 /* iRunTests.xctest */;
			productType = "com.apple.product-type.bundle.unit-test";
		};
		40DC078A233CBDAD00743087 /* iRunUITests */ = {
			isa = PBXNativeTarget;
			buildConfigurationList = 40DC079A233CBDAD00743087 /* Build configuration list for PBXNativeTarget "iRunUITests" */;
			buildPhases = (
				40DC0787233CBDAD00743087 /* Sources */,
				40DC0788233CBDAD00743087 /* Frameworks */,
				40DC0789233CBDAD00743087 /* Resources */,
			);
			buildRules = (
			);
			dependencies = (
				40DC078D233CBDAD00743087 /* PBXTargetDependency */,
			);
			name = iRunUITests;
			productName = iRunUITests;
			productReference = 40DC078B233CBDAD00743087 /* iRunUITests.xctest */;
			productType = "com.apple.product-type.bundle.ui-testing";
		};
/* End PBXNativeTarget section */

/* Begin PBXProject section */
		40DC0764233CBDAC00743087 /* Project object */ = {
			isa = PBXProject;
			attributes = {
				LastSwiftUpdateCheck = 0920;
				LastUpgradeCheck = 0920;
				ORGANIZATIONNAME = kuet;
				TargetAttributes = {
					40DC076B233CBDAC00743087 = {
						CreatedOnToolsVersion = 9.2;
						ProvisioningStyle = Automatic;
					};
					40DC077F233CBDAD00743087 = {
						CreatedOnToolsVersion = 9.2;
						ProvisioningStyle = Automatic;
						TestTargetID = 40DC076B233CBDAC00743087;
					};
					40DC078A233CBDAD00743087 = {
						CreatedOnToolsVersion = 9.2;
						ProvisioningStyle = Automatic;
						TestTargetID = 40DC076B233CBDAC00743087;
					};
				};
			};
			buildConfigurationList = 40DC0767233CBDAC00743087 /* Build configuration list for PBXProject "iRun" */;
			compatibilityVersion = "Xcode 8.0";
			developmentRegion = en;
			hasScannedForEncodings = 0;
			knownRegions = (
				en,
				Base,
			);
			mainGroup = 40DC0763233CBDAC00743087;
			productRefGroup = 40DC076D233CBDAC00743087 /* Products */;
			projectDirPath = "";
			projectRoot = "";
			targets = (
				40DC076B233CBDAC00743087 /* iRun */,
				40DC077F233CBDAD00743087 /* iRunTests */,
				40DC078A233CBDAD00743087 /* iRunUITests */,
			);
		};
/* End PBXProject section */

/* Begin PBXResourcesBuildPhase section */
		40DC076A233CBDAC00743087 /* Resources */ = {
			isa = PBXResourcesBuildPhase;
			buildActionMask = 2147483647;
			files = (
				40DC077A233CBDAC00743087 /* LaunchScreen.storyboard in Resources */,
				40DC0777233CBDAC00743087 /* Assets.xcassets in Resources */,
				40DC0775233CBDAC00743087 /* Main.storyboard in Resources */,
			);
			runOnlyForDeploymentPostprocessing = 0;
		};
		40DC077E233CBDAD00743087 /* Resources */ = {
			isa = PBXResourcesBuildPhase;
			buildActionMask = 2147483647;
			files = (
			);
			runOnlyForDeploymentPostprocessing = 0;
		};
		40DC0789233CBDAD00743087 /* Resources */ = {
			isa = PBXResourcesBuildPhase;
			buildActionMask = 2147483647;
			files = (
			);
			runOnlyForDeploymentPostprocessing = 0;
		};
/* End PBXResourcesBuildPhase section */

/* Begin PBXSourcesBuildPhase section */
		40DC0768233CBDAC00743087 /* Sources */ = {
			isa = PBXSourcesBuildPhase;
			buildActionMask = 2147483647;
			files = (
				40DC0772233CBDAC00743087 /* ViewController.swift in Sources */,
				40DC0770233CBDAC00743087 /* AppDelegate.swift in Sources */,
			);
			runOnlyForDeploymentPostprocessing = 0;
		};
		40DC077C233CBDAD00743087 /* Sources */ = {
			isa = PBXSourcesBuildPhase;
			buildActionMask = 2147483647;
			files = (
				40DC0785233CBDAD00743087 /* iRunTests.swift in Sources */,
			);
			runOnlyForDeploymentPostprocessing = 0;
		};
		40DC0787233CBDAD00743087 /* Sources */ = {
			isa = PBXSourcesBuildPhase;
			buildActionMask = 2147483647;
			files = (
				40DC0790233CBDAD00743087 /* iRunUITests.swift in Sources */,
			);
			runOnlyForDeploymentPostprocessing = 0;
		};
/* End PBXSourcesBuildPhase section */

/* Begin PBXTargetDependency section */
		40DC0782233CBDAD00743087 /* PBXTargetDependency */ = {
			isa = PBXTargetDependency;
			target = 40DC076B233CBDAC00743087 /* iRun */;
			targetProxy = 40DC0781233CBDAD00743087 /* PBXContainerItemProxy */;
		};
		40DC078D233CBDAD00743087 /* PBXTargetDependency */ = {
			isa = PBXTargetDependency;
			target = 40DC076B233CBDAC00743087 /* iRun */;
			targetProxy = 40DC078C233CBDAD00743087 /* PBXContainerItemProxy */;
		};
/* End PBXTargetDependency section */

/* Begin PBXVariantGroup section */
		40DC0773233CBDAC00743087 /* Main.storyboard */ = {
			isa = PBXVariantGroup;
			children = (
				40DC0774233CBDAC00743087 /* Base */,
			);
			name = Main.storyboard;
			sourceTree = "<group>";
		};
		40DC0778233CBDAC00743087 /* LaunchScreen.storyboard */ = {
			isa = PBXVariantGroup;
			children = (
				40DC0779233CBDAC00743087 /* Base */,
			);
			name = LaunchScreen.storyboard;
			sourceTree = "<group>";
		};
/* End PBXVariantGroup section */

/* Begin XCBuildConfiguration section */
		40DC0792233CBDAD00743087 /* Debug */ = {
			isa = XCBuildConfiguration;
			buildSettings = {
				ALWAYS_SEARCH_USER_PATHS = NO;
				CLANG_ANALYZER_NONNULL = YES;
				CLANG_ANALYZER_NUMBER_OBJECT_CONVERSION = YES_AGGRESSIVE;
				CLANG_CXX_LANGUAGE_STANDARD = "gnu++14";
				CLANG_CXX_LIBRARY = "libc++";
				CLANG_ENABLE_MODULES = YES;
				CLANG_ENABLE_OBJC_ARC = YES;
				CLANG_WARN_BLOCK_CAPTURE_AUTORELEASING = YES;
				CLANG_WARN_BOOL_CONVERSION = YES;
				CLANG_WARN_COMMA = YES;
				CLANG_WARN_CONSTANT_CONVERSION = YES;
				CLANG_WARN_DIRECT_OBJC_ISA_USAGE = YES_ERROR;
				CLANG_WARN_DOCUMENTATION_COMMENTS = YES;
				CLANG_WARN_EMPTY_BODY = YES;
				CLANG_WARN_ENUM_CONVERSION = YES;
				CLANG_WARN_INFINITE_RECURSION = YES;
				CLANG_WARN_INT_CONVERSION = YES;
				CLANG_WARN_NON_LITERAL_NULL_CONVERSION = YES;
				CLANG_WARN_OBJC_LITERAL_CONVERSION = YES;
				CLANG_WARN_OBJC_ROOT_CLASS = YES_ERROR;
				CLANG_WARN_RANGE_LOOP_ANALYSIS = YES;
				CLANG_WARN_STRICT_PROTOTYPES = YES;
				CLANG_WARN_SUSPICIOUS_MOVE = YES;
				CLANG_WARN_UNGUARDED_AVAILABILITY = YES_AGGRESSIVE;
				CLANG_WARN_UNREACHABLE_CODE = YES;
				CLANG_WARN__DUPLICATE_METHOD_MATCH = YES;
				CODE_SIGN_IDENTITY = "iPhone Developer";
				COPY_PHASE_STRIP = NO;
				DEBUG_INFORMATION_FORMAT = dwarf;
				ENABLE_STRICT_OBJC_MSGSEND = YES;
				ENABLE_TESTABILITY = YES;
				GCC_C_LANGUAGE_STANDARD = gnu11;
				GCC_DYNAMIC_NO_PIC = NO;
				GCC_NO_COMMON_BLOCKS = YES;
				GCC_OPTIMIZATION_LEVEL = 0;
				GCC_PREPROCESSOR_DEFINITIONS = (
					"DEBUG=1",
					"$(inherited)",
				);
				GCC_WARN_64_TO_32_BIT_CONVERSION = YES;
				GCC_WARN_ABOUT_RETURN_TYPE = YES_ERROR;
				GCC_WARN_UNDECLARED_SELECTOR = YES;
				GCC_WARN_UNINITIALIZED_AUTOS = YES_AGGRESSIVE;
				GCC_WARN_UNUSED_FUNCTION = YES;
				GCC_WARN_UNUSED_VARIABLE = YES;
				IPHONEOS_DEPLOYMENT_TARGET = 11.2;
				MTL_ENABLE_DEBUG_INFO = YES;
				ONLY_ACTIVE_ARCH = YES;
				SDKROOT = iphoneos;
				SWIFT_ACTIVE_COMPILATION_CONDITIONS = DEBUG;
				SWIFT_OPTIMIZATION_LEVEL = "-Onone";
			};
			name = Debug;
		};
		40DC0793233CBDAD00743087 /* Release */ = {
			isa = XCBuildConfiguration;
			buildSettings = {
				ALWAYS_SEARCH_USER_PATHS = NO;
				CLANG_ANALYZER_NONNULL = YES;
				CLANG_ANALYZER_NUMBER_OBJECT_CONVERSION = YES_AGGRESSIVE;
				CLANG_CXX_LANGUAGE_STANDARD = "gnu++14";
				CLANG_CXX_LIBRARY = "libc++";
				CLANG_ENABLE_MODULES = YES;
				CLANG_ENABLE_OBJC_ARC = YES;
				CLANG_WARN_BLOCK_CAPTURE_AUTORELEASING = YES;
				CLANG_WARN_BOOL_CONVERSION = YES;
				CLANG_WARN_COMMA = YES;
				CLANG_WARN_CONSTANT_CONVERSION = YES;
				CLANG_WARN_DIRECT_OBJC_ISA_USAGE = YES_ERROR;
				CLANG_WARN_DOCUMENTATION_COMMENTS = YES;
				CLANG_WARN_EMPTY_BODY = YES;
				CLANG_WARN_ENUM_CONVERSION = YES;
				CLANG_WARN_INFINITE_RECURSION = YES;
				CLANG_WARN_INT_CONVERSION = YES;
				CLANG_WARN_NON_LITERAL_NULL_CONVERSION = YES;
				CLANG_WARN_OBJC_LITERAL_CONVERSION = YES;
				CLANG_WARN_OBJC_ROOT_CLASS = YES_ERROR;
				CLANG_WARN_RANGE_LOOP_ANALYSIS = YES;
				CLANG_WARN_STRICT_PROTOTYPES = YES;
				CLANG_WARN_SUSPICIOUS_MOVE = YES;
				CLANG_WARN_UNGUARDED_AVAILABILITY = YES_AGGRESSIVE;
				CLANG_WARN_UNREACHABLE_CODE = YES;
				CLANG_WARN__DUPLICATE_METHOD_MATCH = YES;
				CODE_SIGN_IDENTITY = "iPhone Developer";
				COPY_PHASE_STRIP = NO;
				DEBUG_INFORMATION_FORMAT = "dwarf-with-dsym";
				ENABLE_NS_ASSERTIONS = NO;
				ENABLE_STRICT_OBJC_MSGSEND = YES;
				GCC_C_LANGUAGE_STANDARD = gnu11;
				GCC_NO_COMMON_BLOCKS = YES;
				GCC_WARN_64_TO_32_BIT_CONVERSION = YES;
				GCC_WARN_ABOUT_RETURN_TYPE = YES_ERROR;
				GCC_WARN_UNDECLARED_SELECTOR = YES;
				GCC_WARN_UNINITIALIZED_AUTOS = YES_AGGRESSIVE;
				GCC_WARN_UNUSED_FUNCTION = YES;
				GCC_WARN_UNUSED_VARIABLE = YES;
				IPHONEOS_DEPLOYMENT_TARGET = 11.2;
				MTL_ENABLE_DEBUG_INFO = NO;
				SDKROOT = iphoneos;
				SWIFT_OPTIMIZATION_LEVEL = "-Owholemodule";
				VALIDATE_PRODUCT = YES;
			};
			name = Release;
		};
		40DC0795233CBDAD00743087 /* Debug */ = {
			isa = XCBuildConfiguration;
			buildSettings = {
				ASSETCATALOG_COMPILER_APPICON_NAME = AppIcon;
				CODE_SIGN_STYLE = Automatic;
				INFOPLIST_FILE = iRun/Info.plist;
				LD_RUNPATH_SEARCH_PATHS = "$(inherited) @executable_path/Frameworks";
				PRODUCT_BUNDLE_IDENTIFIER = kuet.iRun;
				PRODUCT_NAME = "$(TARGET_NAME)";
				SWIFT_VERSION = 4.0;
				TARGETED_DEVICE_FAMILY = "1,2";
			};
			name = Debug;
		};
		40DC0796233CBDAD00743087 /* Release */ = {
			isa = XCBuildConfiguration;
			buildSettings = {
				ASSETCATALOG_COMPILER_APPICON_NAME = AppIcon;
				CODE_SIGN_STYLE = Automatic;
				INFOPLIST_FILE = iRun/Info.plist;
				LD_RUNPATH_SEARCH_PATHS = "$(inherited) @executable_path/Frameworks";
				PRODUCT_BUNDLE_IDENTIFIER = kuet.iRun;
				PRODUCT_NAME = "$(TARGET_NAME)";
				SWIFT_VERSION = 4.0;
				TARGETED_DEVICE_FAMILY = "1,2";
			};
			name = Release;
		};
		40DC0798233CBDAD00743087 /* Debug */ = {
			isa = XCBuildConfiguration;
			buildSettings = {
				ALWAYS_EMBED_SWIFT_STANDARD_LIBRARIES = YES;
				BUNDLE_LOADER = "$(TEST_HOST)";
				CODE_SIGN_STYLE = Automatic;
				INFOPLIST_FILE = iRunTests/Info.plist;
				LD_RUNPATH_SEARCH_PATHS = "$(inherited) @executable_path/Frameworks @loader_path/Frameworks";
				PRODUCT_BUNDLE_IDENTIFIER = kuet.iRunTests;
				PRODUCT_NAME = "$(TARGET_NAME)";
				SWIFT_VERSION = 4.0;
				TARGETED_DEVICE_FAMILY = "1,2";
				TEST_HOST = "$(BUILT_PRODUCTS_DIR)/iRun.app/iRun";
			};
			name = Debug;
		};
		40DC0799233CBDAD00743087 /* Release */ = {
			isa = XCBuildConfiguration;
			buildSettings = {
				ALWAYS_EMBED_SWIFT_STANDARD_LIBRARIES = YES;
				BUNDLE_LOADER = "$(TEST_HOST)";
				CODE_SIGN_STYLE = Automatic;
				INFOPLIST_FILE = iRunTests/Info.plist;
				LD_RUNPATH_SEARCH_PATHS = "$(inherited) @executable_path/Frameworks @loader_path/Frameworks";
				PRODUCT_BUNDLE_IDENTIFIER = kuet.iRunTests;
				PRODUCT_NAME = "$(TARGET_NAME)";
				SWIFT_VERSION = 4.0;
				TARGETED_DEVICE_FAMILY = "1,2";
				TEST_HOST = "$(BUILT_PRODUCTS_DIR)/iRun.app/iRun";
			};
			name = Release;
		};
		40DC079B233CBDAD00743087 /* Debug */ = {
			isa = XCBuildConfiguration;
			buildSettings = {
				ALWAYS_EMBED_SWIFT_STANDARD_LIBRARIES = YES;
				CODE_SIGN_STYLE = Automatic;
				INFOPLIST_FILE = iRunUITests/Info.plist;
				LD_RUNPATH_SEARCH_PATHS = "$(inherited) @executable_path/Frameworks @loader_path/Frameworks";
				PRODUCT_BUNDLE_IDENTIFIER = kuet.iRunUITests;
				PRODUCT_NAME = "$(TARGET_NAME)";
				SWIFT_VERSION = 4.0;
				TARGETED_DEVICE_FAMILY = "1,2";
				TEST_TARGET_NAME = iRun;
			};
			name = Debug;
		};
		40DC079C233CBDAD00743087 /* Release */ = {
			isa = XCBuildConfiguration;
			buildSettings = {
				ALWAYS_EMBED_SWIFT_STANDARD_LIBRARIES = YES;
				CODE_SIGN_STYLE = Automatic;
				INFOPLIST_FILE = iRunUITests/Info.plist;
				LD_RUNPATH_SEARCH_PATHS = "$(inherited) @executable_path/Frameworks @loader_path/Frameworks";
				PRODUCT_BUNDLE_IDENTIFIER = kuet.iRunUITests;
				PRODUCT_NAME = "$(TARGET_NAME)";
				SWIFT_VERSION = 4.0;
				TARGETED_DEVICE_FAMILY = "1,2";
				TEST_TARGET_NAME = iRun;
			};
			name = Release;
		};
/* End XCBuildConfiguration section */

/* Begin XCConfigurationList section */
		40DC0767233CBDAC00743087 /* Build configuration list for PBXProject "iRun" */ = {
			isa = XCConfigurationList;
			buildConfigurations = (
				40DC0792233CBDAD00743087 /* Debug */,
				40DC0793233CBDAD00743087 /* Release */,
			);
			defaultConfigurationIsVisible = 0;
			defaultConfigurationName = Release;
		};
		40DC0794233CBDAD00743087 /* Build configuration list for PBXNativeTarget "iRun" */ = {
			isa = XCConfigurationList;
			buildConfigurations = (
				40DC0795233CBDAD00743087 /* Debug */,
				40DC0796233CBDAD00743087 /* Release */,
			);
			defaultConfigurationIsVisible = 0;
			defaultConfigurationName = Release;
		};
		40DC0797233CBDAD00743087 /* Build configuration list for PBXNativeTarget "iRunTests" */ = {
			isa = XCConfigurationList;
			buildConfigurations = (
				40DC0798233CBDAD00743087 /* Debug */,
				40DC0799233CBDAD00743087 /* Release */,
			);
			defaultConfigurationIsVisible = 0;
			defaultConfigurationName = Release;
		};
		40DC079A233CBDAD00743087 /* Build configuration list for PBXNativeTarget "iRunUITests" */ = {
			isa = XCConfigurationList;
			buildConfigurations = (
				40DC079B233CBDAD00743087 /* Debug */,
				40DC079C233CBDAD00743087 /* Release */,
			);
			defaultConfigurationIsVisible = 0;
			defaultConfigurationName = Release;
		};
/* End XCConfigurationList section */
	};
	rootObject = 40DC0764233CBDAC00743087 /* Project object */;
}
